
Microsoft Visual Studio Solution File, Format Version 12.00
# Visual Studio Version 16
VisualStudioVersion = 16.0.29613.14
MinimumVisualStudioVersion = 10.0.40219.1
Project("{FAE04EC0-301F-11D3-BF4B-00C04F79EFBC}") = "FetchDataFromApiDemo", "FetchDataFromApiDemo\FetchDataFromApiDemo.csproj", "{0C659E6E-5DAF-4288-97DE-D2E6CCA9F7EB}"
EndProject
Project("{FAE04EC0-301F-11D3-BF4B-00C04F79EFBC}") = "TokenBasedAuthenticationDemo", "TokenBasedAuthenticationDemo\TokenBasedAuthenticationDemo.csproj", "{0F18704F-91B0-4660-A0D9-9C2193CF6A1E}"
EndProject
Global
	GlobalSection(SolutionConfigurationPlatforms) = preSolution
		Debug|Any CPU = Debug|Any CPU
		Release|Any CPU = Release|Any CPU
	EndGlobalSection
	GlobalSection(ProjectConfigurationPlatforms) = postSolution
		{0C659E6E-5DAF-4288-97DE-D2E6CCA9F7EB}.Debug|Any CPU.ActiveCfg = Debug|Any CPU
		{0C659E6E-5DAF-4288-97DE-D2E6CCA9F7EB}.Debug|Any CPU.Build.0 = Debug|Any CPU
		{0C659E6E-5DAF-4288-97DE-D2E6CCA9F7EB}.Release|Any CPU.ActiveCfg = Release|Any CPU
		{0C659E6E-5DAF-4288-97DE-D2E6CCA9F7EB}.Release|Any CPU.Build.0 = Release|Any CPU
		{0F18704F-91B0-4660-A0D9-9C2193CF6A1E}.Debug|Any CPU.ActiveCfg = Debug|Any CPU
		{0F18704F-91B0-4660-A0D9-9C2193CF6A1E}.Debug|Any CPU.Build.0 = Debug|Any CPU
		{0F18704F-91B0-4660-A0D9-9C2193CF6A1E}.Release|Any CPU.ActiveCfg = Release|Any CPU
		{0F18704F-91B0-4660-A0D9-9C2193CF6A1E}.Release|Any CPU.Build.0 = Release|Any CPU
	EndGlobalSection
	GlobalSection(SolutionProperties) = preSolution
		HideSolutionNode = FALSE
	EndGlobalSection
	GlobalSection(ExtensibilityGlobals) = postSolution
		SolutionGuid = {C9401446-528D-4551-B9B6-2418A4DCF328}
	EndGlobalSection
EndGlobal
